
Microsoft Visual Studio Solution File, Format Version 12.00
# Visual Studio 15
VisualStudioVersion = 15.0.28307.438
MinimumVisualStudioVersion = 10.0.40219.1
Project("{9A19103F-16F7-4668-BE54-9A1E7A4F7556}") = "OpcExporter", "OpcExporter\OpcExporter.csproj", "{EBF61495-5BAF-4516-8CF1-E986CEAB3986}"
EndProject
Project("{9A19103F-16F7-4668-BE54-9A1E7A4F7556}") = "NetworkInfo", "NetworkInfo\NetworkInfo.csproj", "{FB841211-854F-40C5-880D-5B8ED3F5DBE8}"
EndProject
Global
	GlobalSection(SolutionConfigurationPlatforms) = preSolution
		Debug|Any CPU = Debug|Any CPU
		Release|Any CPU = Release|Any CPU
	EndGlobalSection
	GlobalSection(ProjectConfigurationPlatforms) = postSolution
		{EBF61495-5BAF-4516-8CF1-E986CEAB3986}.Debug|Any CPU.ActiveCfg = Debug|Any CPU
		{EBF61495-5BAF-4516-8CF1-E986CEAB3986}.Debug|Any CPU.Build.0 = Debug|Any CPU
		{EBF61495-5BAF-4516-8CF1-E986CEAB3986}.Release|Any CPU.ActiveCfg = Release|Any CPU
		{EBF61495-5BAF-4516-8CF1-E986CEAB3986}.Release|Any CPU.Build.0 = Release|Any CPU
		{FB841211-854F-40C5-880D-5B8ED3F5DBE8}.Debug|Any CPU.ActiveCfg = Debug|Any CPU
		{FB841211-854F-40C5-880D-5B8ED3F5DBE8}.Debug|Any CPU.Build.0 = Debug|Any CPU
		{FB841211-854F-40C5-880D-5B8ED3F5DBE8}.Release|Any CPU.ActiveCfg = Release|Any CPU
		{FB841211-854F-40C5-880D-5B8ED3F5DBE8}.Release|Any CPU.Build.0 = Release|Any CPU
	EndGlobalSection
	GlobalSection(SolutionProperties) = preSolution
		HideSolutionNode = FALSE
	EndGlobalSection
	GlobalSection(ExtensibilityGlobals) = postSolution
		SolutionGuid = {601D3447-F292-40BC-8B02-F7FA109F4912}
	EndGlobalSection
EndGlobal
